NeoBundleLock neobundle.vim e4d6e49fdc2a2f5e4bfccc6d5531a469432638b4
NeoBundleLock neosnippet.vim 076005456012de32e2f0e5bb6d092f22d30d611d
NeoBundleLock tagbar 7b36c46d17d57db34fdb0adac9ba6382d0bb5e66
NeoBundleLock unite-outline 0686316a5bd40f10cfd153d3c2d4c4dcfc1ab10a
NeoBundleLock unite.vim 6ccf1b362fe92bd47ab828c1a28c348c24d1b749
NeoBundleLock vim-go-extra 522fc495fd9de46c3c87d46a81bff5b1072f5e97
NeoBundleLock vim-godef 48952546203ecae8c17d50d0aa2e6dcabcc85f0b
NeoBundleLock vimfiler 299f27e0cce6ba98c8c37e9361f4492c2bdae2a7
NeoBundleLock vimproc 8118af675ab3673dcf097f307bd3cb2de07ecc78
